
Microsoft Visual Studio Solution File, Format Version 12.00
# Visual Studio 14
VisualStudioVersion = 14.0.23107.0
MinimumVisualStudioVersion = 10.0.40219.1
Project("{262852C6-CD72-467D-83FE-5EEB1973A190}") = "App1", "App1\App1.jsproj", "{617EA5D7-902C-4F93-BA27-2295E6324186}"
EndProject
Global
	GlobalSection(SolutionConfigurationPlatforms) = preSolution
		Debug|Android = Debug|Android
		Debug|iOS = Debug|iOS
		Debug|Windows Phone (Universal) = Debug|Windows Phone (Universal)
		Debug|Windows Phone 8 = Debug|Windows Phone 8
		Debug|Windows-AnyCPU = Debug|Windows-AnyCPU
		Debug|Windows-ARM = Debug|Windows-ARM
		Debug|Windows-x64 = Debug|Windows-x64
		Debug|Windows-x86 = Debug|Windows-x86
		Phone|Android = Phone|Android
		Phone|iOS = Phone|iOS
		Phone|Windows Phone (Universal) = Phone|Windows Phone (Universal)
		Phone|Windows Phone 8 = Phone|Windows Phone 8
		Phone|Windows-AnyCPU = Phone|Windows-AnyCPU
		Phone|Windows-ARM = Phone|Windows-ARM
		Phone|Windows-x64 = Phone|Windows-x64
		Phone|Windows-x86 = Phone|Windows-x86
		Release|Android = Release|Android
		Release|iOS = Release|iOS
		Release|Windows Phone (Universal) = Release|Windows Phone (Universal)
		Release|Windows Phone 8 = Release|Windows Phone 8
		Release|Windows-AnyCPU = Release|Windows-AnyCPU
		Release|Windows-ARM = Release|Windows-ARM
		Release|Windows-x64 = Release|Windows-x64
		Release|Windows-x86 = Release|Windows-x86
	EndGlobalSection
	GlobalSection(ProjectConfigurationPlatforms) = postSolution
		{617EA5D7-902C-4F93-BA27-2295E6324186}.Debug|Android.ActiveCfg = Debug|Android
		{617EA5D7-902C-4F93-BA27-2295E6324186}.Debug|Android.Build.0 = Debug|Android
		{617EA5D7-902C-4F93-BA27-2295E6324186}.Debug|Android.Deploy.0 = Debug|Android
		{617EA5D7-902C-4F93-BA27-2295E6324186}.Debug|iOS.ActiveCfg = Debug|iOS
		{617EA5D7-902C-4F93-BA27-2295E6324186}.Debug|iOS.Build.0 = Debug|iOS
		{617EA5D7-902C-4F93-BA27-2295E6324186}.Debug|iOS.Deploy.0 = Debug|iOS
		{617EA5D7-902C-4F93-BA27-2295E6324186}.Debug|Windows Phone (Universal).ActiveCfg = Debug|Windows Phone (Universal)
		{617EA5D7-902C-4F93-BA27-2295E6324186}.Debug|Windows Phone (Universal).Build.0 = Debug|Windows Phone (Universal)
		{617EA5D7-902C-4F93-BA27-2295E6324186}.Debug|Windows Phone (Universal).Deploy.0 = Debug|Windows Phone (Universal)
		{617EA5D7-902C-4F93-BA27-2295E6324186}.Debug|Windows Phone 8.ActiveCfg = Debug|Windows Phone 8
		{617EA5D7-902C-4F93-BA27-2295E6324186}.Debug|Windows Phone 8.Build.0 = Debug|Windows Phone 8
		{617EA5D7-902C-4F93-BA27-2295E6324186}.Debug|Windows Phone 8.Deploy.0 = Debug|Windows Phone 8
		{617EA5D7-902C-4F93-BA27-2295E6324186}.Debug|Windows-AnyCPU.ActiveCfg = Debug|Windows-AnyCPU
		{617EA5D7-902C-4F93-BA27-2295E6324186}.Debug|Windows-AnyCPU.Build.0 = Debug|Windows-AnyCPU
		{617EA5D7-902C-4F93-BA27-2295E6324186}.Debug|Windows-AnyCPU.Deploy.0 = Debug|Windows-AnyCPU
		{617EA5D7-902C-4F93-BA27-2295E6324186}.Debug|Windows-ARM.ActiveCfg = Debug|Windows-ARM
		{617EA5D7-902C-4F93-BA27-2295E6324186}.Debug|Windows-ARM.Build.0 = Debug|Windows-ARM
		{617EA5D7-902C-4F93-BA27-2295E6324186}.Debug|Windows-ARM.Deploy.0 = Debug|Windows-ARM
		{617EA5D7-902C-4F93-BA27-2295E6324186}.Debug|Windows-x64.ActiveCfg = Debug|Windows-x64
		{617EA5D7-902C-4F93-BA27-2295E6324186}.Debug|Windows-x64.Build.0 = Debug|Windows-x64
		{617EA5D7-902C-4F93-BA27-2295E6324186}.Debug|Windows-x64.Deploy.0 = Debug|Windows-x64
		{617EA5D7-902C-4F93-BA27-2295E6324186}.Debug|Windows-x86.ActiveCfg = Debug|Windows-x86
		{617EA5D7-902C-4F93-BA27-2295E6324186}.Debug|Windows-x86.Build.0 = Debug|Windows-x86
		{617EA5D7-902C-4F93-BA27-2295E6324186}.Debug|Windows-x86.Deploy.0 = Debug|Windows-x86
		{617EA5D7-902C-4F93-BA27-2295E6324186}.Phone|Android.ActiveCfg = Phone|Android
		{617EA5D7-902C-4F93-BA27-2295E6324186}.Phone|Android.Build.0 = Phone|Android
		{617EA5D7-902C-4F93-BA27-2295E6324186}.Phone|Android.Deploy.0 = Phone|Android
		{617EA5D7-902C-4F93-BA27-2295E6324186}.Phone|iOS.ActiveCfg = Phone|iOS
		{617EA5D7-902C-4F93-BA27-2295E6324186}.Phone|iOS.Build.0 = Phone|iOS
		{617EA5D7-902C-4F93-BA27-2295E6324186}.Phone|iOS.Deploy.0 = Phone|iOS
		{617EA5D7-902C-4F93-BA27-2295E6324186}.Phone|Windows Phone (Universal).ActiveCfg = Phone|Windows Phone (Universal)
		{617EA5D7-902C-4F93-BA27-2295E6324186}.Phone|Windows Phone (Universal).Build.0 = Phone|Windows Phone (Universal)
		{617EA5D7-902C-4F93-BA27-2295E6324186}.Phone|Windows Phone (Universal).Deploy.0 = Phone|Windows Phone (Universal)
		{617EA5D7-902C-4F93-BA27-2295E6324186}.Phone|Windows Phone 8.ActiveCfg = Phone|Windows Phone 8
		{617EA5D7-902C-4F93-BA27-2295E6324186}.Phone|Windows Phone 8.Build.0 = Phone|Windows Phone 8
		{617EA5D7-902C-4F93-BA27-2295E6324186}.Phone|Windows Phone 8.Deploy.0 = Phone|Windows Phone 8
		{617EA5D7-902C-4F93-BA27-2295E6324186}.Phone|Windows-AnyCPU.ActiveCfg = Phone|Windows-AnyCPU
		{617EA5D7-902C-4F93-BA27-2295E6324186}.Phone|Windows-AnyCPU.Build.0 = Phone|Windows-AnyCPU
		{617EA5D7-902C-4F93-BA27-2295E6324186}.Phone|Windows-AnyCPU.Deploy.0 = Phone|Windows-AnyCPU
		{617EA5D7-902C-4F93-BA27-2295E6324186}.Phone|Windows-ARM.ActiveCfg = Phone|Windows-ARM
		{617EA5D7-902C-4F93-BA27-2295E6324186}.Phone|Windows-ARM.Build.0 = Phone|Windows-ARM
		{617EA5D7-902C-4F93-BA27-2295E6324186}.Phone|Windows-ARM.Deploy.0 = Phone|Windows-ARM
		{617EA5D7-902C-4F93-BA27-2295E6324186}.Phone|Windows-x64.ActiveCfg = Phone|Windows-x64
		{617EA5D7-902C-4F93-BA27-2295E6324186}.Phone|Windows-x64.Build.0 = Phone|Windows-x64
		{617EA5D7-902C-4F93-BA27-2295E6324186}.Phone|Windows-x64.Deploy.0 = Phone|Windows-x64
		{617EA5D7-902C-4F93-BA27-2295E6324186}.Phone|Windows-x86.ActiveCfg = Phone|Windows-x86
		{617EA5D7-902C-4F93-BA27-2295E6324186}.Phone|Windows-x86.Build.0 = Phone|Windows-x86
		{617EA5D7-902C-4F93-BA27-2295E6324186}.Phone|Windows-x86.Deploy.0 = Phone|Windows-x86
		{617EA5D7-902C-4F93-BA27-2295E6324186}.Release|Android.ActiveCfg = Release|Android
		{617EA5D7-902C-4F93-BA27-2295E6324186}.Release|Android.Build.0 = Release|Android
		{617EA5D7-902C-4F93-BA27-2295E6324186}.Release|Android.Deploy.0 = Release|Android
		{617EA5D7-902C-4F93-BA27-2295E6324186}.Release|iOS.ActiveCfg = Release|iOS
		{617EA5D7-902C-4F93-BA27-2295E6324186}.Release|iOS.Build.0 = Release|iOS
		{617EA5D7-902C-4F93-BA27-2295E6324186}.Release|iOS.Deploy.0 = Release|iOS
		{617EA5D7-902C-4F93-BA27-2295E6324186}.Release|Windows Phone (Universal).ActiveCfg = Release|Windows Phone (Universal)
		{617EA5D7-902C-4F93-BA27-2295E6324186}.Release|Windows Phone (Universal).Build.0 = Release|Windows Phone (Universal)
		{617EA5D7-902C-4F93-BA27-2295E6324186}.Release|Windows Phone (Universal).Deploy.0 = Release|Windows Phone (Universal)
		{617EA5D7-902C-4F93-BA27-2295E6324186}.Release|Windows Phone 8.ActiveCfg = Release|Windows Phone 8
		{617EA5D7-902C-4F93-BA27-2295E6324186}.Release|Windows Phone 8.Build.0 = Release|Windows Phone 8
		{617EA5D7-902C-4F93-BA27-2295E6324186}.Release|Windows Phone 8.Deploy.0 = Release|Windows Phone 8
		{617EA5D7-902C-4F93-BA27-2295E6324186}.Release|Windows-AnyCPU.ActiveCfg = Release|Windows-AnyCPU
		{617EA5D7-902C-4F93-BA27-2295E6324186}.Release|Windows-AnyCPU.Build.0 = Release|Windows-AnyCPU
		{617EA5D7-902C-4F93-BA27-2295E6324186}.Release|Windows-AnyCPU.Deploy.0 = Release|Windows-AnyCPU
		{617EA5D7-902C-4F93-BA27-2295E6324186}.Release|Windows-ARM.ActiveCfg = Release|Windows-ARM
		{617EA5D7-902C-4F93-BA27-2295E6324186}.Release|Windows-ARM.Build.0 = Release|Windows-ARM
		{617EA5D7-902C-4F93-BA27-2295E6324186}.Release|Windows-ARM.Deploy.0 = Release|Windows-ARM
		{617EA5D7-902C-4F93-BA27-2295E6324186}.Release|Windows-x64.ActiveCfg = Release|Windows-x64
		{617EA5D7-902C-4F93-BA27-2295E6324186}.Release|Windows-x64.Build.0 = Release|Windows-x64
		{617EA5D7-902C-4F93-BA27-2295E6324186}.Release|Windows-x64.Deploy.0 = Release|Windows-x64
		{617EA5D7-902C-4F93-BA27-2295E6324186}.Release|Windows-x86.ActiveCfg = Release|Windows-x86
		{617EA5D7-902C-4F93-BA27-2295E6324186}.Release|Windows-x86.Build.0 = Release|Windows-x86
		{617EA5D7-902C-4F93-BA27-2295E6324186}.Release|Windows-x86.Deploy.0 = Release|Windows-x86
	EndGlobalSection
	GlobalSection(SolutionProperties) = preSolution
		HideSolutionNode = FALSE
	EndGlobalSection
EndGlobal
